// !$*UTF8*$!
{
	archiveVersion = 1;
	classes = {
	};
	objectVersion = 51;
	objects = {

/* Begin PBXBuildFile section */
		A610A31D234DE7930073306C /* Starjhol.ttf in Resources */ = {isa = PBXBuildFile; fileRef = A610A31A234DE7920073306C /* Starjhol.ttf */; };
		A610A31E234DE7930073306C /* Starjedi.ttf in Resources */ = {isa = PBXBuildFile; fileRef = A610A31B234DE7920073306C /* Starjedi.ttf */; };
		A610A31F234DE7930073306C /* Starjout.ttf in Resources */ = {isa = PBXBuildFile; fileRef = A610A31C234DE7920073306C /* Starjout.ttf */; };
		A610A326234DEFFC0073306C /* BlackBgView.swift in Sources */ = {isa = PBXBuildFile; fileRef = A610A325234DEFFC0073306C /* BlackBgView.swift */; };
		A610A329234DF0320073306C /* Constants.swift in Sources */ = {isa = PBXBuildFile; fileRef = A610A328234DF0320073306C /* Constants.swift */; };
		A610A32C234E00940073306C /* PersonAPI.swift in Sources */ = {isa = PBXBuildFile; fileRef = A610A32B234E00940073306C /* PersonAPI.swift */; };
		A610A32E234E09CC0073306C /* Person.swift in Sources */ = {isa = PBXBuildFile; fileRef = A610A32D234E09CC0073306C /* Person.swift */; };
		A62D6FC12354B76000361C68 /* FadeEnabledButton.swift in Sources */ = {isa = PBXBuildFile; fileRef = A62D6FC02354B76000361C68 /* FadeEnabledButton.swift */; };
		A62D6FC32354BBFF00361C68 /* HomeworldVC.swift in Sources */ = {isa = PBXBuildFile; fileRef = A62D6FC22354BBFF00361C68 /* HomeworldVC.swift */; };
		A62D6FC52354BC1200361C68 /* VehiclesVC.swift in Sources */ = {isa = PBXBuildFile; fileRef = A62D6FC42354BC1200361C68 /* VehiclesVC.swift */; };
		A62D6FC72354BC2700361C68 /* StarshipsVC.swift in Sources */ = {isa = PBXBuildFile; fileRef = A62D6FC62354BC2700361C68 /* StarshipsVC.swift */; };
		A62D6FC92354BC3600361C68 /* FilmsVC.swift in Sources */ = {isa = PBXBuildFile; fileRef = A62D6FC82354BC3600361C68 /* FilmsVC.swift */; };
		A682180E234DE14A00D25B7B /* AppDelegate.swift in Sources */ = {isa = PBXBuildFile; fileRef = A682180D234DE14A00D25B7B /* AppDelegate.swift */; };
		A6821810234DE14A00D25B7B /* SceneDelegate.swift in Sources */ = {isa = PBXBuildFile; fileRef = A682180F234DE14A00D25B7B /* SceneDelegate.swift */; };
		A6821812234DE14A00D25B7B /* SelectPersonVC.swift in Sources */ = {isa = PBXBuildFile; fileRef = A6821811234DE14A00D25B7B /* SelectPersonVC.swift */; };
		A6821815234DE14B00D25B7B /* Main.storyboard in Resources */ = {isa = PBXBuildFile; fileRef = A6821813234DE14B00D25B7B /* Main.storyboard */; };
		A6821817234DE14E00D25B7B /* Assets.xcassets in Resources */ = {isa = PBXBuildFile; fileRef = A6821816234DE14E00D25B7B /* Assets.xcassets */; };
		A682181A234DE14E00D25B7B /* LaunchScreen.storyboard in Resources */ = {isa = PBXBuildFile; fileRef = A6821818234DE14E00D25B7B /* LaunchScreen.storyboard */; };
		A6EBA4872355C94400A50AEF /* Homeworld.swift in Sources */ = {isa = PBXBuildFile; fileRef = A6EBA4862355C94400A50AEF /* Homeworld.swift */; };
		A6EBA4892355C9CE00A50AEF /* HomeworldAPI.swift in Sources */ = {isa = PBXBuildFile; fileRef = A6EBA4882355C9CE00A50AEF /* HomeworldAPI.swift */; };
		A6EBA48B2355DA8800A50AEF /* Vehicles.swift in Sources */ = {isa = PBXBuildFile; fileRef = A6EBA48A2355DA8800A50AEF /* Vehicles.swift */; };
		A6EBA48D2355DB4100A50AEF /* VehicleAPI.swift in Sources */ = {isa = PBXBuildFile; fileRef = A6EBA48C2355DB4100A50AEF /* VehicleAPI.swift */; };
		A6EBA4912355F41200A50AEF /* Starships.swift in Sources */ = {isa = PBXBuildFile; fileRef = A6EBA4902355F41200A50AEF /* Starships.swift */; };
		A6EBA4932355F49F00A50AEF /* Films.swift in Sources */ = {isa = PBXBuildFile; fileRef = A6EBA4922355F49F00A50AEF /* Films.swift */; };
		A6EBA4952355F4EF00A50AEF /* StarshipsAPI.swift in Sources */ = {isa = PBXBuildFile; fileRef = A6EBA4942355F4EF00A50AEF /* StarshipsAPI.swift */; };
		A6EBA4972355FB7A00A50AEF /* FilmsAPI.swift in Sources */ = {isa = PBXBuildFile; fileRef = A6EBA4962355FB7A00A50AEF /* FilmsAPI.swift */; };
		A707975CFB733636E7B8BFE4 /* Pods_Star_Travia.framework in Frameworks */ = {isa = PBXBuildFile; fileRef = 4C3665B2FCCF6A54AD70ADB0 /* Pods_Star_Travia.framework */; };
/* End PBXBuildFile section */

/* Begin PBXFileReference section */
		4C3665B2FCCF6A54AD70ADB0 /* Pods_Star_Travia.framework */ = {isa = PBXFileReference; explicitFileType = wrapper.framework; includeInIndex = 0; path = Pods_Star_Travia.framework; sourceTree = BUILT_PRODUCTS_DIR; };
		7BFC6B67CC1D576C89C3A968 /* Pods-Star Travia.release.xcconfig */ = {isa = PBXFileReference; includeInIndex = 1; lastKnownFileType = text.xcconfig; name = "Pods-Star Travia.release.xcconfig"; path = "Target Support Files/Pods-Star Travia/Pods-Star Travia.release.xcconfig"; sourceTree = "<group>"; };
		828F5F77999B6EF4BBDEC5AF /* Pods-Star Travia.debug.xcconfig */ = {isa = PBXFileReference; includeInIndex = 1; lastKnownFileType = text.xcconfig; name = "Pods-Star Travia.debug.xcconfig"; path = "Target Support Files/Pods-Star Travia/Pods-Star Travia.debug.xcconfig"; sourceTree = "<group>"; };
		A610A31A234DE7920073306C /* Starjhol.ttf */ = {isa = PBXFileReference; lastKnownFileType = file; name = Starjhol.ttf; path = star_jedi/starjedi/Starjhol.ttf; sourceTree = SOURCE_ROOT; };
		A610A31B234DE7920073306C /* Starjedi.ttf */ = {isa = PBXFileReference; lastKnownFileType = file; name = Starjedi.ttf; path = star_jedi/starjedi/Starjedi.ttf; sourceTree = SOURCE_ROOT; };
		A610A31C234DE7920073306C /* Starjout.ttf */ = {isa = PBXFileReference; lastKnownFileType = file; name = Starjout.ttf; path = star_jedi/starjout/Starjout.ttf; sourceTree = SOURCE_ROOT; };
		A610A325234DEFFC0073306C /* BlackBgView.swift */ = {isa = PBXFileReference; lastKnownFileType = sourcecode.swift; path = BlackBgView.swift; sourceTree = "<group>"; };
		A610A328234DF0320073306C /* Constants.swift */ = {isa = PBXFileReference; lastKnownFileType = sourcecode.swift; path = Constants.swift; sourceTree = "<group>"; };
		A610A32B234E00940073306C /* PersonAPI.swift */ = {isa = PBXFileReference; lastKnownFileType = sourcecode.swift; path = PersonAPI.swift; sourceTree = "<group>"; };
		A610A32D234E09CC0073306C /* Person.swift */ = {isa = PBXFileReference; lastKnownFileType = sourcecode.swift; path = Person.swift; sourceTree = "<group>"; };
		A62D6FC02354B76000361C68 /* FadeEnabledButton.swift */ = {isa = PBXFileReference; lastKnownFileType = sourcecode.swift; path = FadeEnabledButton.swift; sourceTree = "<group>"; };
		A62D6FC22354BBFF00361C68 /* HomeworldVC.swift */ = {isa = PBXFileReference; lastKnownFileType = sourcecode.swift; path = HomeworldVC.swift; sourceTree = "<group>"; };
		A62D6FC42354BC1200361C68 /* VehiclesVC.swift */ = {isa = PBXFileReference; lastKnownFileType = sourcecode.swift; path = VehiclesVC.swift; sourceTree = "<group>"; };
		A62D6FC62354BC2700361C68 /* StarshipsVC.swift */ = {isa = PBXFileReference; lastKnownFileType = sourcecode.swift; path = StarshipsVC.swift; sourceTree = "<group>"; };
		A62D6FC82354BC3600361C68 /* FilmsVC.swift */ = {isa = PBXFileReference; lastKnownFileType = sourcecode.swift; path = FilmsVC.swift; sourceTree = "<group>"; };
		A682180A234DE14A00D25B7B /* Star Travia.app */ = {isa = PBXFileReference; explicitFileType = wrapper.application; includeInIndex = 0; path = "Star Travia.app"; sourceTree = BUILT_PRODUCTS_DIR; };
		A682180D234DE14A00D25B7B /* AppDelegate.swift */ = {isa = PBXFileReference; lastKnownFileType = sourcecode.swift; path = AppDelegate.swift; sourceTree = "<group>"; };
		A682180F234DE14A00D25B7B /* SceneDelegate.swift */ = {isa = PBXFileReference; lastKnownFileType = sourcecode.swift; path = SceneDelegate.swift; sourceTree = "<group>"; };
		A6821811234DE14A00D25B7B /* SelectPersonVC.swift */ = {isa = PBXFileReference; lastKnownFileType = sourcecode.swift; path = SelectPersonVC.swift; sourceTree = "<group>"; };
		A6821814234DE14B00D25B7B /* Base */ = {isa = PBXFileReference; lastKnownFileType = file.storyboard; name = Base; path = Base.lproj/Main.storyboard; sourceTree = "<group>"; };
		A6821816234DE14E00D25B7B /* Assets.xcassets */ = {isa = PBXFileReference; lastKnownFileType = folder.assetcatalog; path = Assets.xcassets; sourceTree = "<group>"; };
		A6821819234DE14E00D25B7B /* Base */ = {isa = PBXFileReference; lastKnownFileType = file.storyboard; name = Base; path = Base.lproj/LaunchScreen.storyboard; sourceTree = "<group>"; };
		A682181B234DE14E00D25B7B /* Info.plist */ = {isa = PBXFileReference; lastKnownFileType = text.plist.xml; path = Info.plist; sourceTree = "<group>"; };
		A6EBA4862355C94400A50AEF /* Homeworld.swift */ = {isa = PBXFileReference; lastKnownFileType = sourcecode.swift; path = Homeworld.swift; sourceTree = "<group>"; };
		A6EBA4882355C9CE00A50AEF /* HomeworldAPI.swift */ = {isa = PBXFileReference; lastKnownFileType = sourcecode.swift; path = HomeworldAPI.swift; sourceTree = "<group>"; };
		A6EBA48A2355DA8800A50AEF /* Vehicles.swift */ = {isa = PBXFileReference; lastKnownFileType = sourcecode.swift; path = Vehicles.swift; sourceTree = "<group>"; };
		A6EBA48C2355DB4100A50AEF /* VehicleAPI.swift */ = {isa = PBXFileReference; lastKnownFileType = sourcecode.swift; path = VehicleAPI.swift; sourceTree = "<group>"; };
		A6EBA4902355F41200A50AEF /* Starships.swift */ = {isa = PBXFileReference; lastKnownFileType = sourcecode.swift; path = Starships.swift; sourceTree = "<group>"; };
		A6EBA4922355F49F00A50AEF /* Films.swift */ = {isa = PBXFileReference; lastKnownFileType = sourcecode.swift; path = Films.swift; sourceTree = "<group>"; };
		A6EBA4942355F4EF00A50AEF /* StarshipsAPI.swift */ = {isa = PBXFileReference; lastKnownFileType = sourcecode.swift; path = StarshipsAPI.swift; sourceTree = "<group>"; };
		A6EBA4962355FB7A00A50AEF /* FilmsAPI.swift */ = {isa = PBXFileReference; lastKnownFileType = sourcecode.swift; path = FilmsAPI.swift; sourceTree = "<group>"; };
/* End PBXFileReference section */

/* Begin PBXFrameworksBuildPhase section */
		A6821807234DE14A00D25B7B /* Frameworks */ = {
			isa = PBXFrameworksBuildPhase;
			buildActionMask = 2147483647;
			files = (
				A707975CFB733636E7B8BFE4 /* Pods_Star_Travia.framework in Frameworks */,
			);
			runOnlyForDeploymentPostprocessing = 0;
		};
/* End PBXFrameworksBuildPhase section */

/* Begin PBXGroup section */
		798CB9D4E391DA012F15EB8B /* Frameworks */ = {
			isa = PBXGroup;
			children = (
				4C3665B2FCCF6A54AD70ADB0 /* Pods_Star_Travia.framework */,
			);
			name = Frameworks;
			sourceTree = "<group>";
		};
		A610A320234DE79A0073306C /* Fonts */ = {
			isa = PBXGroup;
			children = (
				A610A31B234DE7920073306C /* Starjedi.ttf */,
				A610A31A234DE7920073306C /* Starjhol.ttf */,
				A610A31C234DE7920073306C /* Starjout.ttf */,
			);
			path = Fonts;
			sourceTree = "<group>";
		};
		A610A321234DE7DF0073306C /* Resources */ = {
			isa = PBXGroup;
			children = (
				A610A320234DE79A0073306C /* Fonts */,
			);
			path = Resources;
			sourceTree = "<group>";
		};
		A610A322234DE7EF0073306C /* Controller */ = {
			isa = PBXGroup;
			children = (
				A6821811234DE14A00D25B7B /* SelectPersonVC.swift */,
				A62D6FC22354BBFF00361C68 /* HomeworldVC.swift */,
				A62D6FC42354BC1200361C68 /* VehiclesVC.swift */,
				A62D6FC62354BC2700361C68 /* StarshipsVC.swift */,
				A62D6FC82354BC3600361C68 /* FilmsVC.swift */,
			);
			path = Controller;
			sourceTree = "<group>";
		};
		A610A323234DE7F50073306C /* View */ = {
			isa = PBXGroup;
			children = (
				A610A325234DEFFC0073306C /* BlackBgView.swift */,
				A62D6FC02354B76000361C68 /* FadeEnabledButton.swift */,
			);
			path = View;
			sourceTree = "<group>";
		};
		A610A324234DE7FB0073306C /* Model */ = {
			isa = PBXGroup;
			children = (
				A610A32D234E09CC0073306C /* Person.swift */,
				A6EBA4862355C94400A50AEF /* Homeworld.swift */,
				A6EBA48A2355DA8800A50AEF /* Vehicles.swift */,
				A6EBA4902355F41200A50AEF /* Starships.swift */,
				A6EBA4922355F49F00A50AEF /* Films.swift */,
			);
			path = Model;
			sourceTree = "<group>";
		};
		A610A327234DF01E0073306C /* Utils */ = {
			isa = PBXGroup;
			children = (
				A610A328234DF0320073306C /* Constants.swift */,
			);
			path = Utils;
			sourceTree = "<group>";
		};
		A610A32A234E006D0073306C /* Services */ = {
			isa = PBXGroup;
			children = (
				A610A32B234E00940073306C /* PersonAPI.swift */,
				A6EBA4882355C9CE00A50AEF /* HomeworldAPI.swift */,
				A6EBA48C2355DB4100A50AEF /* VehicleAPI.swift */,
				A6EBA4942355F4EF00A50AEF /* StarshipsAPI.swift */,
				A6EBA4962355FB7A00A50AEF /* FilmsAPI.swift */,
			);
			path = Services;
			sourceTree = "<group>";
		};
		A6821801234DE14A00D25B7B = {
			isa = PBXGroup;
			children = (
				A682180C234DE14A00D25B7B /* Star Travia */,
				A682180B234DE14A00D25B7B /* Products */,
				F0A0B4F23A1400D0892DF793 /* Pods */,
				798CB9D4E391DA012F15EB8B /* Frameworks */,
			);
			sourceTree = "<group>";
		};
		A682180B234DE14A00D25B7B /* Products */ = {
			isa = PBXGroup;
			children = (
				A682180A234DE14A00D25B7B /* Star Travia.app */,
			);
			name = Products;
			sourceTree = "<group>";
		};
		A682180C234DE14A00D25B7B /* Star Travia */ = {
			isa = PBXGroup;
			children = (
				A610A324234DE7FB0073306C /* Model */,
				A610A323234DE7F50073306C /* View */,
				A610A322234DE7EF0073306C /* Controller */,
				A682180D234DE14A00D25B7B /* AppDelegate.swift */,
				A682180F234DE14A00D25B7B /* SceneDelegate.swift */,
				A610A32A234E006D0073306C /* Services */,
				A610A327234DF01E0073306C /* Utils */,
				A610A321234DE7DF0073306C /* Resources */,
				A6821813234DE14B00D25B7B /* Main.storyboard */,
				A6821816234DE14E00D25B7B /* Assets.xcassets */,
				A6821818234DE14E00D25B7B /* LaunchScreen.storyboard */,
				A682181B234DE14E00D25B7B /* Info.plist */,
			);
			path = "Star Travia";
			sourceTree = "<group>";
		};
		F0A0B4F23A1400D0892DF793 /* Pods */ = {
			isa = PBXGroup;
			children = (
				828F5F77999B6EF4BBDEC5AF /* Pods-Star Travia.debug.xcconfig */,
				7BFC6B67CC1D576C89C3A968 /* Pods-Star Travia.release.xcconfig */,
			);
			path = Pods;
			sourceTree = "<group>";
		};
/* End PBXGroup section */

/* Begin PBXNativeTarget section */
		A6821809234DE14A00D25B7B /* Star Travia */ = {
			isa = PBXNativeTarget;
			buildConfigurationList = A682181E234DE14E00D25B7B /* Build configuration list for PBXNativeTarget "Star Travia" */;
			buildPhases = (
				49EB9B3290BB994C50DFA38C /* [CP] Check Pods Manifest.lock */,
				A6821806234DE14A00D25B7B /* Sources */,
				A6821807234DE14A00D25B7B /* Frameworks */,
				A6821808234DE14A00D25B7B /* Resources */,
				5E3BE34B59E4A46F8F07EF27 /* [CP] Embed Pods Frameworks */,
			);
			buildRules = (
			);
			dependencies = (
			);
			name = "Star Travia";
			productName = "Star Travia";
			productReference = A682180A234DE14A00D25B7B /* Star Travia.app */;
			productType = "com.apple.product-type.application";
		};
/* End PBXNativeTarget section */

/* Begin PBXProject section */
		A6821802234DE14A00D25B7B /* Project object */ = {
			isa = PBXProject;
			attributes = {
				LastSwiftUpdateCheck = 1100;
				LastUpgradeCheck = 1100;
				ORGANIZATIONNAME = "Umair Latif";
				TargetAttributes = {
					A6821809234DE14A00D25B7B = {
						CreatedOnToolsVersion = 11.0;
					};
				};
			};
			buildConfigurationList = A6821805234DE14A00D25B7B /* Build configuration list for PBXProject "Star Travia" */;
			compatibilityVersion = "Xcode 9.3";
			developmentRegion = en;
			hasScannedForEncodings = 0;
			knownRegions = (
				en,
				Base,
			);
			mainGroup = A6821801234DE14A00D25B7B;
			productRefGroup = A682180B234DE14A00D25B7B /* Products */;
			projectDirPath = "";
			projectRoot = "";
			targets = (
				A6821809234DE14A00D25B7B /* Star Travia */,
			);
		};
/* End PBXProject section */

/* Begin PBXResourcesBuildPhase section */
		A6821808234DE14A00D25B7B /* Resources */ = {
			isa = PBXResourcesBuildPhase;
			buildActionMask = 2147483647;
			files = (
				A682181A234DE14E00D25B7B /* LaunchScreen.storyboard in Resources */,
				A6821817234DE14E00D25B7B /* Assets.xcassets in Resources */,
				A6821815234DE14B00D25B7B /* Main.storyboard in Resources */,
				A610A31E234DE7930073306C /* Starjedi.ttf in Resources */,
				A610A31F234DE7930073306C /* Starjout.ttf in Resources */,
				A610A31D234DE7930073306C /* Starjhol.ttf in Resources */,
			);
			runOnlyForDeploymentPostprocessing = 0;
		};
/* End PBXResourcesBuildPhase section */

/* Begin PBXShellScriptBuildPhase section */
		49EB9B3290BB994C50DFA38C /* [CP] Check Pods Manifest.lock */ = {
			isa = PBXShellScriptBuildPhase;
			buildActionMask = 2147483647;
			files = (
			);
			inputFileListPaths = (
			);
			inputPaths = (
				"${PODS_PODFILE_DIR_PATH}/Podfile.lock",
				"${PODS_ROOT}/Manifest.lock",
			);
			name = "[CP] Check Pods Manifest.lock";
			outputFileListPaths = (
			);
			outputPaths = (
				"$(DERIVED_FILE_DIR)/Pods-Star Travia-checkManifestLockResult.txt",
			);
			runOnlyForDeploymentPostprocessing = 0;
			shellPath = /bin/sh;
			shellScript = "diff \"${PODS_PODFILE_DIR_PATH}/Podfile.lock\" \"${PODS_ROOT}/Manifest.lock\" > /dev/null\nif [ $? != 0 ] ; then\n    # print error to STDERR\n    echo \"error: The sandbox is not in sync with the Podfile.lock. Run 'pod install' or update your CocoaPods installation.\" >&2\n    exit 1\nfi\n# This output is used by Xcode 'outputs' to avoid re-running this script phase.\necho \"SUCCESS\" > \"${SCRIPT_OUTPUT_FILE_0}\"\n";
			showEnvVarsInLog = 0;
		};
		5E3BE34B59E4A46F8F07EF27 /* [CP] Embed Pods Frameworks */ = {
			isa = PBXShellScriptBuildPhase;
			buildActionMask = 2147483647;
			files = (
			);
			inputFileListPaths = (
				"${PODS_ROOT}/Target Support Files/Pods-Star Travia/Pods-Star Travia-frameworks-${CONFIGURATION}-input-files.xcfilelist",
			);
			name = "[CP] Embed Pods Frameworks";
			outputFileListPaths = (
				"${PODS_ROOT}/Target Support Files/Pods-Star Travia/Pods-Star Travia-frameworks-${CONFIGURATION}-output-files.xcfilelist",
			);
			runOnlyForDeploymentPostprocessing = 0;
			shellPath = /bin/sh;
			shellScript = "\"${PODS_ROOT}/Target Support Files/Pods-Star Travia/Pods-Star Travia-frameworks.sh\"\n";
			showEnvVarsInLog = 0;
		};
/* End PBXShellScriptBuildPhase section */

/* Begin PBXSourcesBuildPhase section */
		A6821806234DE14A00D25B7B /* Sources */ = {
			isa = PBXSourcesBuildPhase;
			buildActionMask = 2147483647;
			files = (
				A62D6FC92354BC3600361C68 /* FilmsVC.swift in Sources */,
				A610A329234DF0320073306C /* Constants.swift in Sources */,
				A62D6FC12354B76000361C68 /* FadeEnabledButton.swift in Sources */,
				A6EBA4952355F4EF00A50AEF /* StarshipsAPI.swift in Sources */,
				A6821812234DE14A00D25B7B /* SelectPersonVC.swift in Sources */,
				A6EBA4892355C9CE00A50AEF /* HomeworldAPI.swift in Sources */,
				A6EBA48D2355DB4100A50AEF /* VehicleAPI.swift in Sources */,
				A62D6FC52354BC1200361C68 /* VehiclesVC.swift in Sources */,
				A6EBA4912355F41200A50AEF /* Starships.swift in Sources */,
				A62D6FC32354BBFF00361C68 /* HomeworldVC.swift in Sources */,
				A610A326234DEFFC0073306C /* BlackBgView.swift in Sources */,
				A6EBA48B2355DA8800A50AEF /* Vehicles.swift in Sources */,
				A62D6FC72354BC2700361C68 /* StarshipsVC.swift in Sources */,
				A682180E234DE14A00D25B7B /* AppDelegate.swift in Sources */,
				A6EBA4932355F49F00A50AEF /* Films.swift in Sources */,
				A610A32E234E09CC0073306C /* Person.swift in Sources */,
				A6EBA4872355C94400A50AEF /* Homeworld.swift in Sources */,
				A6821810234DE14A00D25B7B /* SceneDelegate.swift in Sources */,
				A6EBA4972355FB7A00A50AEF /* FilmsAPI.swift in Sources */,
				A610A32C234E00940073306C /* PersonAPI.swift in Sources */,
			);
			runOnlyForDeploymentPostprocessing = 0;
		};
/* End PBXSourcesBuildPhase section */

/* Begin PBXVariantGroup section */
		A6821813234DE14B00D25B7B /* Main.storyboard */ = {
			isa = PBXVariantGroup;
			children = (
				A6821814234DE14B00D25B7B /* Base */,
			);
			name = Main.storyboard;
			sourceTree = "<group>";
		};
		A6821818234DE14E00D25B7B /* LaunchScreen.storyboard */ = {
			isa = PBXVariantGroup;
			children = (
				A6821819234DE14E00D25B7B /* Base */,
			);
			name = LaunchScreen.storyboard;
			sourceTree = "<group>";
		};
/* End PBXVariantGroup section */

/* Begin XCBuildConfiguration section */
		A682181C234DE14E00D25B7B /* Debug */ = {
			isa = XCBuildConfiguration;
			buildSettings = {
				ALWAYS_SEARCH_USER_PATHS = NO;
				CLANG_ANALYZER_NONNULL = YES;
				CLANG_ANALYZER_NUMBER_OBJECT_CONVERSION = YES_AGGRESSIVE;
				CLANG_CXX_LANGUAGE_STANDARD = "gnu++14";
				CLANG_CXX_LIBRARY = "libc++";
				CLANG_ENABLE_MODULES = YES;
				CLANG_ENABLE_OBJC_ARC = YES;
				CLANG_ENABLE_OBJC_WEAK = YES;
				CLANG_WARN_BLOCK_CAPTURE_AUTORELEASING = YES;
				CLANG_WARN_BOOL_CONVERSION = YES;
				CLANG_WARN_COMMA = YES;
				CLANG_WARN_CONSTANT_CONVERSION = YES;
				CLANG_WARN_DEPRECATED_OBJC_IMPLEMENTATIONS = YES;
				CLANG_WARN_DIRECT_OBJC_ISA_USAGE = YES_ERROR;
				CLANG_WARN_DOCUMENTATION_COMMENTS = YES;
				CLANG_WARN_EMPTY_BODY = YES;
				CLANG_WARN_ENUM_CONVERSION = YES;
				CLANG_WARN_INFINITE_RECURSION = YES;
				CLANG_WARN_INT_CONVERSION = YES;
				CLANG_WARN_NON_LITERAL_NULL_CONVERSION = YES;
				CLANG_WARN_OBJC_IMPLICIT_RETAIN_SELF = YES;
				CLANG_WARN_OBJC_LITERAL_CONVERSION = YES;
				CLANG_WARN_OBJC_ROOT_CLASS = YES_ERROR;
				CLANG_WARN_RANGE_LOOP_ANALYSIS = YES;
				CLANG_WARN_STRICT_PROTOTYPES = YES;
				CLANG_WARN_SUSPICIOUS_MOVE = YES;
				CLANG_WARN_UNGUARDED_AVAILABILITY = YES_AGGRESSIVE;
				CLANG_WARN_UNREACHABLE_CODE = YES;
				CLANG_WARN__DUPLICATE_METHOD_MATCH = YES;
				COPY_PHASE_STRIP = NO;
				DEBUG_INFORMATION_FORMAT = dwarf;
				ENABLE_STRICT_OBJC_MSGSEND = YES;
				ENABLE_TESTABILITY = YES;
				GCC_C_LANGUAGE_STANDARD = gnu11;
				GCC_DYNAMIC_NO_PIC = NO;
				GCC_NO_COMMON_BLOCKS = YES;
				GCC_OPTIMIZATION_LEVEL = 0;
				GCC_PREPROCESSOR_DEFINITIONS = (
					"DEBUG=1",
					"$(inherited)",
				);
				GCC_WARN_64_TO_32_BIT_CONVERSION = YES;
				GCC_WARN_ABOUT_RETURN_TYPE = YES_ERROR;
				GCC_WARN_UNDECLARED_SELECTOR = YES;
				GCC_WARN_UNINITIALIZED_AUTOS = YES_AGGRESSIVE;
				GCC_WARN_UNUSED_FUNCTION = YES;
				GCC_WARN_UNUSED_VARIABLE = YES;
				IPHONEOS_DEPLOYMENT_TARGET = 13.0;
				MTL_ENABLE_DEBUG_INFO = INCLUDE_SOURCE;
				MTL_FAST_MATH = YES;
				ONLY_ACTIVE_ARCH = YES;
				SDKROOT = iphoneos;
				SWIFT_ACTIVE_COMPILATION_CONDITIONS = DEBUG;
				SWIFT_OPTIMIZATION_LEVEL = "-Onone";
			};
			name = Debug;
		};
		A682181D234DE14E00D25B7B /* Release */ = {
			isa = XCBuildConfiguration;
			buildSettings = {
				ALWAYS_SEARCH_USER_PATHS = NO;
				CLANG_ANALYZER_NONNULL = YES;
				CLANG_ANALYZER_NUMBER_OBJECT_CONVERSION = YES_AGGRESSIVE;
				CLANG_CXX_LANGUAGE_STANDARD = "gnu++14";
				CLANG_CXX_LIBRARY = "libc++";
				CLANG_ENABLE_MODULES = YES;
				CLANG_ENABLE_OBJC_ARC = YES;
				CLANG_ENABLE_OBJC_WEAK = YES;
				CLANG_WARN_BLOCK_CAPTURE_AUTORELEASING = YES;
				CLANG_WARN_BOOL_CONVERSION = YES;
				CLANG_WARN_COMMA = YES;
				CLANG_WARN_CONSTANT_CONVERSION = YES;
				CLANG_WARN_DEPRECATED_OBJC_IMPLEMENTATIONS = YES;
				CLANG_WARN_DIRECT_OBJC_ISA_USAGE = YES_ERROR;
				CLANG_WARN_DOCUMENTATION_COMMENTS = YES;
				CLANG_WARN_EMPTY_BODY = YES;
				CLANG_WARN_ENUM_CONVERSION = YES;
				CLANG_WARN_INFINITE_RECURSION = YES;
				CLANG_WARN_INT_CONVERSION = YES;
				CLANG_WARN_NON_LITERAL_NULL_CONVERSION = YES;
				CLANG_WARN_OBJC_IMPLICIT_RETAIN_SELF = YES;
				CLANG_WARN_OBJC_LITERAL_CONVERSION = YES;
				CLANG_WARN_OBJC_ROOT_CLASS = YES_ERROR;
				CLANG_WARN_RANGE_LOOP_ANALYSIS = YES;
				CLANG_WARN_STRICT_PROTOTYPES = YES;
				CLANG_WARN_SUSPICIOUS_MOVE = YES;
				CLANG_WARN_UNGUARDED_AVAILABILITY = YES_AGGRESSIVE;
				CLANG_WARN_UNREACHABLE_CODE = YES;
				CLANG_WARN__DUPLICATE_METHOD_MATCH = YES;
				COPY_PHASE_STRIP = NO;
				DEBUG_INFORMATION_FORMAT = "dwarf-with-dsym";
				ENABLE_NS_ASSERTIONS = NO;
				ENABLE_STRICT_OBJC_MSGSEND = YES;
				GCC_C_LANGUAGE_STANDARD = gnu11;
				GCC_NO_COMMON_BLOCKS = YES;
				GCC_WARN_64_TO_32_BIT_CONVERSION = YES;
				GCC_WARN_ABOUT_RETURN_TYPE = YES_ERROR;
				GCC_WARN_UNDECLARED_SELECTOR = YES;
				GCC_WARN_UNINITIALIZED_AUTOS = YES_AGGRESSIVE;
				GCC_WARN_UNUSED_FUNCTION = YES;
				GCC_WARN_UNUSED_VARIABLE = YES;
				IPHONEOS_DEPLOYMENT_TARGET = 13.0;
				MTL_ENABLE_DEBUG_INFO = NO;
				MTL_FAST_MATH = YES;
				SDKROOT = iphoneos;
				SWIFT_COMPILATION_MODE = wholemodule;
				SWIFT_OPTIMIZATION_LEVEL = "-O";
				VALIDATE_PRODUCT = YES;
			};
			name = Release;
		};
		A682181F234DE14E00D25B7B /* Debug */ = {
			isa = XCBuildConfiguration;
			baseConfigurationReference = 828F5F77999B6EF4BBDEC5AF /* Pods-Star Travia.debug.xcconfig */;
			buildSettings = {
				ASSETCATALOG_COMPILER_APPICON_NAME = AppIcon;
				CODE_SIGN_STYLE = Automatic;
				DEVELOPMENT_TEAM = 7X66BU6P2Q;
				INFOPLIST_FILE = "Star Travia/Info.plist";
				LD_RUNPATH_SEARCH_PATHS = (
					"$(inherited)",
					"@executable_path/Frameworks",
				);
				PRODUCT_BUNDLE_IDENTIFIER = "com.umairlatif.Star-Travia";
				PRODUCT_NAME = "$(TARGET_NAME)";
				SWIFT_VERSION = 5.0;
				TARGETED_DEVICE_FAMILY = "1,2";
			};
			name = Debug;
		};
		A6821820234DE14E00D25B7B /* Release */ = {
			isa = XCBuildConfiguration;
			baseConfigurationReference = 7BFC6B67CC1D576C89C3A968 /* Pods-Star Travia.release.xcconfig */;
			buildSettings = {
				ASSETCATALOG_COMPILER_APPICON_NAME = AppIcon;
				CODE_SIGN_STYLE = Automatic;
				DEVELOPMENT_TEAM = 7X66BU6P2Q;
				INFOPLIST_FILE = "Star Travia/Info.plist";
				LD_RUNPATH_SEARCH_PATHS = (
					"$(inherited)",
					"@executable_path/Frameworks",
				);
				PRODUCT_BUNDLE_IDENTIFIER = "com.umairlatif.Star-Travia";
				PRODUCT_NAME = "$(TARGET_NAME)";
				SWIFT_VERSION = 5.0;
				TARGETED_DEVICE_FAMILY = "1,2";
			};
			name = Release;
		};
/* End XCBuildConfiguration section */

/* Begin XCConfigurationList section */
		A6821805234DE14A00D25B7B /* Build configuration list for PBXProject "Star Travia" */ = {
			isa = XCConfigurationList;
			buildConfigurations = (
				A682181C234DE14E00D25B7B /* Debug */,
				A682181D234DE14E00D25B7B /* Release */,
			);
			defaultConfigurationIsVisible = 0;
			defaultConfigurationName = Release;
		};
		A682181E234DE14E00D25B7B /* Build configuration list for PBXNativeTarget "Star Travia" */ = {
			isa = XCConfigurationList;
			buildConfigurations = (
				A682181F234DE14E00D25B7B /* Debug */,
				A6821820234DE14E00D25B7B /* Release */,
			);
			defaultConfigurationIsVisible = 0;
			defaultConfigurationName = Release;
		};
/* End XCConfigurationList section */
	};
	rootObject = A6821802234DE14A00D25B7B /* Project object */;
}
